
Microsoft Visual Studio Solution File, Format Version 12.00
# Visual Studio Version 17
VisualStudioVersion = 17.6.33829.357
MinimumVisualStudioVersion = 10.0.40219.1
Project("{FAE04EC0-301F-11D3-BF4B-00C04F79EFBC}") = "AntiCheat for Unity", "AntiCheat for Unity\AntiCheat for Unity.csproj", "{C9E1E124-CEFC-42C9-9130-8792D2E860EF}"
EndProject
Global
	GlobalSection(SolutionConfigurationPlatforms) = preSolution
		Debug|Any CPU = Debug|Any CPU
		Release|Any CPU = Release|Any CPU
	EndGlobalSection
	GlobalSection(ProjectConfigurationPlatforms) = postSolution
		{C9E1E124-CEFC-42C9-9130-8792D2E860EF}.Debug|Any CPU.ActiveCfg = Debug|Any CPU
		{C9E1E124-CEFC-42C9-9130-8792D2E860EF}.Debug|Any CPU.Build.0 = Debug|Any CPU
		{C9E1E124-CEFC-42C9-9130-8792D2E860EF}.Release|Any CPU.ActiveCfg = Release|Any CPU
		{C9E1E124-CEFC-42C9-9130-8792D2E860EF}.Release|Any CPU.Build.0 = Release|Any CPU
	EndGlobalSection
	GlobalSection(SolutionProperties) = preSolution
		HideSolutionNode = FALSE
	EndGlobalSection
	GlobalSection(ExtensibilityGlobals) = postSolution
		SolutionGuid = {030056E1-74AE-4BB4-959B-CADB6B8BB599}
	EndGlobalSection
EndGlobal
